lockfileVersion: '6.0'

dependencies:
  '@react-three/fiber':
    specifier: '8.9'
    version: 8.9.2(react-dom@18.2.0)(react@18.2.0)(three@0.148.0)
  three:
    specifier: '0.148'
    version: 0.148.0

packages:

  /@babel/runtime@7.21.5:
    resolution: {integrity: sha512-8jI69toZqqcsnqGGqwGS4Qb1VwLOEp4hz+CXPywcvjs60u3B4Pom/U/7rm4W8tMOYEB+E9wgD0mW1l3r8qlI9Q==}
    engines: {node: '>=6.9.0'}
    dependencies:
      regenerator-runtime: 0.13.11
    dev: false

  /@react-three/fiber@8.9.2(react-dom@18.2.0)(react@18.2.0)(three@0.148.0):
    resolution: {integrity: sha512-uhDQvxUZ0M2SU/gAtY2tcEaa+Pp9JSDmSzm7Dw6q9/KMReqcImNLjPzkjVsWV5DKP7fELC6c4Bgs9sVIahM6LQ==}
    peerDependencies:
      expo: '>=43.0'
      expo-asset: '>=8.4'
      expo-gl: '>=11.0'
      react: '>=18.0'
      react-dom: '>=18.0'
      react-native: '>=0.64'
      three: '>=0.133'
    peerDependenciesMeta:
      expo:
        optional: true
      expo-asset:
        optional: true
      expo-gl:
        optional: true
      react-dom:
        optional: true
      react-native:
        optional: true
    dependencies:
      '@babel/runtime': 7.21.5
      '@types/react-reconciler': 0.26.7
      its-fine: 1.1.1(react@18.2.0)
      react: 18.2.0
      react-dom: 18.2.0(react@18.2.0)
      react-reconciler: 0.27.0(react@18.2.0)
      react-use-measure: 2.1.1(react-dom@18.2.0)(react@18.2.0)
      scheduler: 0.21.0
      suspend-react: 0.0.8(react@18.2.0)
      three: 0.148.0
      zustand: 3.7.2(react@18.2.0)
    dev: false

  /@types/prop-types@15.7.5:
    resolution: {integrity: sha512-JCB8C6SnDoQf0cNycqd/35A7MjcnK+ZTqE7judS6o7utxUCg6imJg3QK2qzHKszlTjcj2cn+NwMB2i96ubpj7w==}
    dev: false

  /@types/react-reconciler@0.26.7:
    resolution: {integrity: sha512-mBDYl8x+oyPX/VBb3E638N0B7xG+SPk/EAMcVPeexqus/5aTpTphQi0curhhshOqRrc9t6OPoJfEUkbymse/lQ==}
    dependencies:
      '@types/react': 18.2.6
    dev: false

  /@types/react-reconciler@0.28.2:
    resolution: {integrity: sha512-8tu6lHzEgYPlfDf/J6GOQdIc+gs+S2yAqlby3zTsB3SP2svlqTYe5fwZNtZyfactP74ShooP2vvi1BOp9ZemWw==}
    dependencies:
      '@types/react': 18.2.6
    dev: false

  /@types/react@18.2.6:
    resolution: {integrity: sha512-wRZClXn//zxCFW+ye/D2qY65UsYP1Fpex2YXorHc8awoNamkMZSvBxwxdYVInsHOZZd2Ppq8isnSzJL5Mpf8OA==}
    dependencies:
      '@types/prop-types': 15.7.5
      '@types/scheduler': 0.16.3
      csstype: 3.1.2
    dev: false

  /@types/scheduler@0.16.3:
    resolution: {integrity: sha512-5cJ8CB4yAx7BH1oMvdU0Jh9lrEXyPkar6F9G/ERswkCuvP4KQZfZkSjcMbAICCpQTN4OuZn8tz0HiKv9TGZgrQ==}
    dev: false

  /csstype@3.1.2:
    resolution: {integrity: sha512-I7K1Uu0MBPzaFKg4nI5Q7Vs2t+3gWWW648spaF+Rg7pI9ds18Ugn+lvg4SHczUdKlHI5LWBXyqfS8+DufyBsgQ==}
    dev: false

  /debounce@1.2.1:
    resolution: {integrity: sha512-XRRe6Glud4rd/ZGQfiV1ruXSfbvfJedlV9Y6zOlP+2K04vBYiJEte6stfFkCP03aMnY5tsipamumUjL14fofug==}
    dev: false

  /its-fine@1.1.1(react@18.2.0):
    resolution: {integrity: sha512-v1Ia1xl20KbuSGlwoaGsW0oxsw8Be+TrXweidxD9oT/1lAh6O3K3/GIM95Tt6WCiv6W+h2M7RB1TwdoAjQyyKw==}
    peerDependencies:
      react: '>=18.0'
    dependencies:
      '@types/react-reconciler': 0.28.2
      react: 18.2.0
    dev: false

  /js-tokens@4.0.0:
    resolution: {integrity: sha512-RdJUflcE3cUzKiMqQgsCu06FPu9UdIJO0beYbPhHN4k6apgJtifcoCtT9bcxOpYBtpD2kCM6Sbzg4CausW/PKQ==}
    dev: false

  /loose-envify@1.4.0:
    resolution: {integrity: sha512-lyuxPGr/Wfhrlem2CL/UcnUc1zcqKAImBDzukY7Y5F/yQiNdko6+fRLevlw1HgMySw7f611UIY408EtxRSoK3Q==}
    hasBin: true
    dependencies:
      js-tokens: 4.0.0
    dev: false

  /react-dom@18.2.0(react@18.2.0):
    resolution: {integrity: sha512-6IMTriUmvsjHUjNtEDudZfuDQUoWXVxKHhlEGSk81n4YFS+r/Kl99wXiwlVXtPBtJenozv2P+hxDsw9eA7Xo6g==}
    peerDependencies:
      react: ^18.2.0
    dependencies:
      loose-envify: 1.4.0
      react: 18.2.0
      scheduler: 0.23.0
    dev: false

  /react-reconciler@0.27.0(react@18.2.0):
    resolution: {integrity: sha512-HmMDKciQjYmBRGuuhIaKA1ba/7a+UsM5FzOZsMO2JYHt9Jh8reCb7j1eDC95NOyUlKM9KRyvdx0flBuDvYSBoA==}
    engines: {node: '>=0.10.0'}
    peerDependencies:
      react: ^18.0.0
    dependencies:
      loose-envify: 1.4.0
      react: 18.2.0
      scheduler: 0.21.0
    dev: false

  /react-use-measure@2.1.1(react-dom@18.2.0)(react@18.2.0):
    resolution: {integrity: sha512-nocZhN26cproIiIduswYpV5y5lQpSQS1y/4KuvUCjSKmw7ZWIS/+g3aFnX3WdBkyuGUtTLif3UTqnLLhbDoQig==}
    peerDependencies:
      react: '>=16.13'
      react-dom: '>=16.13'
    dependencies:
      debounce: 1.2.1
      react: 18.2.0
      react-dom: 18.2.0(react@18.2.0)
    dev: false

  /react@18.2.0:
    resolution: {integrity: sha512-/3IjMdb2L9QbBdWiW5e3P2/npwMBaU9mHCSCUzNln0ZCYbcfTsGbTJrU/kGemdH2IWmB2ioZ+zkxtmq6g09fGQ==}
    engines: {node: '>=0.10.0'}
    dependencies:
      loose-envify: 1.4.0
    dev: false

  /regenerator-runtime@0.13.11:
    resolution: {integrity: sha512-kY1AZVr2Ra+t+piVaJ4gxaFaReZVH40AKNo7UCX6W+dEwBo/2oZJzqfuN1qLq1oL45o56cPaTXELwrTh8Fpggg==}
    dev: false

  /scheduler@0.21.0:
    resolution: {integrity: sha512-1r87x5fz9MXqswA2ERLo0EbOAU74DpIUO090gIasYTqlVoJeMcl+Z1Rg7WHz+qtPujhS/hGIt9kxZOYBV3faRQ==}
    dependencies:
      loose-envify: 1.4.0
    dev: false

  /scheduler@0.23.0:
    resolution: {integrity: sha512-CtuThmgHNg7zIZWAXi3AsyIzA3n4xx7aNyjwC2VJldO2LMVDhFK+63xGqq6CsJH4rTAt6/M+N4GhZiDYPx9eUw==}
    dependencies:
      loose-envify: 1.4.0
    dev: false

  /suspend-react@0.0.8(react@18.2.0):
    resolution: {integrity: sha512-ZC3r8Hu1y0dIThzsGw0RLZplnX9yXwfItcvaIzJc2VQVi8TGyGDlu92syMB5ulybfvGLHAI5Ghzlk23UBPF8xg==}
    peerDependencies:
      react: '>=17.0'
    dependencies:
      react: 18.2.0
    dev: false

  /three@0.148.0:
    resolution: {integrity: sha512-8uzVV+qhTPi0bOFs/3te3RW6hb3urL8jYEl6irjCWo/l6sr8MPNMcClFev/MMYeIxr0gmDcoXTy/8LXh/LXkfw==}
    dev: false

  /zustand@3.7.2(react@18.2.0):
    resolution: {integrity: sha512-PIJDIZKtokhof+9+60cpockVOq05sJzHCriyvaLBmEJixseQ1a5Kdov6fWZfWOu5SK9c+FhH1jU0tntLxRJYMA==}
    engines: {node: '>=12.7.0'}
    peerDependencies:
      react: '>=16.8'
    peerDependenciesMeta:
      react:
        optional: true
    dependencies:
      react: 18.2.0
    dev: false
